github.com/golang-jwt/jwt/v5 v5.3.1/go.mod h1:fxCRLWMO43lRc8nhHWY6LGqRcf+1gQWArsqaEUEa5bE=
github.com/gorilla/websocket v1.5.0/go.mod h1:YR8l580nyteQvAITg2hZ9XVh4b55+EU/adAjf1fMHhE=
github.com/lib/pq v1.12.3 h1:tTWxr2YLKwIvK90ZXEw8GP7UFHtcbTtty8zsI+YjrfQ=
github.com/lib/pq v1.12.3/go.mod h1:/p+8NSbOcwzAEI7wiMXFlgydTwcgTr3OSKMsD2BitpA=
github.com/nats-io/nats.go v1.31.0/go.mod h1:di3Bm5MLsoB4Bx61CBTsxuarI36WbhAwOm8QrW39+i8=
go.opentelemetry.io/otel v1.17.0/go.mod h1:I2vmBGtFaODIVMBSTPVDlJSzBDNf93k60E6Ft0nyjo0=
go.opentelemetry.io/otel/exporters/otlp/otlptrace/otlptracehttp v1.17.0/go.mod h1:SExUrRYIXhDgEKG4tkiQovd2HTaELiHUsuK08s5Nqx4=
go.opentelemetry.io/otel/sdk v1.17.0/go.mod h1:U87sE0f5vQB7hwUoW98pW5Rz4ZDuCFBZFNUBlSgmDFQ=
go.opentelemetry.io/otel/trace v1.17.0/go.mod h1:I/4vKTgFclIsXRVucpH25X0mpFSczM7aHeaz0ZBLWjY=
golang.org/x/crypto v0.51.0/go.mod h1:8AdwkbraGNABw2kOX6YFPs3WM22XqI4EXEd8g+x7Oc8=
